
Microsoft Visual Studio Solution File, Format Version 12.00
# Visual Studio Version 17
VisualStudioVersion = 17.7.34024.191
MinimumVisualStudioVersion = 10.0.40219.1
Project("{9A19103F-16F7-4668-BE54-9A1E7A4F7556}") = "ReportsWebApp", "WebApps\ReportsWebApp.csproj", "{0AEA9828-B4BF-4152-A329-125828D832A3}"
	ProjectSection(ProjectDependencies) = postProject
		{99BB12A6-4FFC-4BD8-AE5D-D0EE26D7585E} = {99BB12A6-4FFC-4BD8-AE5D-D0EE26D7585E}
	EndProjectSection
EndProject
Project("{9A19103F-16F7-4668-BE54-9A1E7A4F7556}") = "ReportsWebApp.DB", "ReportsWebApp.DB\ReportsWebApp.DB.csproj", "{99BB12A6-4FFC-4BD8-AE5D-D0EE26D7585E}"
EndProject
Project("{9A19103F-16F7-4668-BE54-9A1E7A4F7556}") = "ReportsWebApp.Common", "ReportsWebApp.Common\ReportsWebApp.Common.csproj", "{7CBDB6A6-B399-4883-B73A-611D2188EE95}"
EndProject
Project("{2150E333-8FDC-42A3-9474-1A3956D46DE8}") = "Solution Items", "Solution Items", "{3E21DD70-06E5-4ED2-9AC1-6F7A32846AEF}"
	ProjectSection(SolutionItems) = preProject
		Directory.Build.props = Directory.Build.props
	EndProjectSection
EndProject
Project("{9A19103F-16F7-4668-BE54-9A1E7A4F7556}") = "ReportsWebApp.DB.Prod", "ReportsWebApp.DB.Prod\ReportsWebApp.DB.Prod.csproj", "{71812AD7-0559-4AC5-8C0D-4C2ABD462214}"
EndProject
Project("{9A19103F-16F7-4668-BE54-9A1E7A4F7556}") = "WebAppTest", "WebAppTest\WebAppTest.csproj", "{1313702F-7CFC-4C6E-9B1B-E4EBCC290A7C}"
EndProject
Project("{FAE04EC0-301F-11D3-BF4B-00C04F79EFBC}") = "PlanetTogetherContext", "SqlApis\PlanetTogetherContext.csproj", "{7A80527F-452B-C9F0-037C-FF80C9FE494E}"
EndProject
Project("{FAE04EC0-301F-11D3-BF4B-00C04F79EFBC}") = "SqlLibrary", "SqlLibrary\SqlLibrary.csproj", "{B908F7F1-20FF-DEB8-27C3-0E9EE2966907}"
EndProject
Project("{2150E333-8FDC-42A3-9474-1A3956D46DE8}") = "IntegrationFiles", "IntegrationFiles", "{02EA681E-C7D8-13C7-8484-4AC65E1B71E8}"
EndProject
Project("{2150E333-8FDC-42A3-9474-1A3956D46DE8}") = "ExternalIntegrations", "ExternalIntegrations", "{380EF9C7-D23D-483F-9339-3DDE78F5D6B7}"
EndProject
Project("{FAE04EC0-301F-11D3-BF4B-00C04F79EFBC}") = "ExternalIntegrations", "ExternalIntegrations\ExternalIntegrations.csproj", "{7309C9AA-6C5D-9511-9119-FC514A55F4B4}"
EndProject
Project("{FAE04EC0-301F-11D3-BF4B-00C04F79EFBC}") = "AhaIntegration", "AhaIntegration\AhaIntegration.csproj", "{A61A26B4-8268-AB5B-D99F-A35A3C33932C}"
EndProject
Project("{2150E333-8FDC-42A3-9474-1A3956D46DE8}") = "SolutionMiscFiles", "SolutionMiscFiles", "{9DE57582-DB0B-4500-9138-22C75D7FB61C}"
EndProject
Project("{2150E333-8FDC-42A3-9474-1A3956D46DE8}") = "CoreLibraries", "CoreLibraries", "{CEF1A631-7B00-4B0A-9F78-A33A90172B91}"
EndProject
Project("{FAE04EC0-301F-11D3-BF4B-00C04F79EFBC}") = "Common", "..\aps-core\CommonProjects\Common\Common.csproj", "{3DB05087-E4C6-F4F6-17D2-DF055771D514}"
EndProject
Project("{FAE04EC0-301F-11D3-BF4B-00C04F79EFBC}") = "Common.Sql", "..\aps-core\CommonProjects\Common.Sql\Common.Sql.csproj", "{B2066095-526D-5768-5AFC-975D71BB8F5B}"
EndProject
Project("{FAE04EC0-301F-11D3-BF4B-00C04F79EFBC}") = "ServerManagerSharedLib", "..\aps-core\CommonProjects\ServerManagerSharedLib\ServerManagerSharedLib.csproj", "{E77859B2-38D1-3D8F-6EF8-774FB27B81E2}"
EndProject
Project("{FAE04EC0-301F-11D3-BF4B-00C04F79EFBC}") = "APSCommon", "..\aps-core\CommonProjects\APSCommon\APSCommon.csproj", "{8D4C2BEF-1558-43AA-8C4F-46E4A71C6A99}"
EndProject
Project("{FAE04EC0-301F-11D3-BF4B-00C04F79EFBC}") = "NetsuiteIntegration", "NetsuiteIntegration\NetsuiteIntegration.csproj", "{7C9913BD-B585-4147-BEF2-8818E5037C11}"
EndProject
Project("{2150E333-8FDC-42A3-9474-1A3956D46DE8}") = "WebAPI", "WebAPI", "{5BF06A00-7C90-40CC-B572-CE4EAF6A63BC}"
EndProject
Project("{FAE04EC0-301F-11D3-BF4B-00C04F79EFBC}") = "WebAPI", "WebAPI\WebAPI.csproj", "{2368D5A0-7C52-4867-A379-C3876CCCC4A3}"
EndProject
Project("{FAE04EC0-301F-11D3-BF4B-00C04F79EFBC}") = "PT.Logging", "Common Projects\PT.Logging\PT.Logging.csproj", "{B3CDE406-70C0-49A7-83B9-1D8B3B25A0D6}"
EndProject
Project("{2150E333-8FDC-42A3-9474-1A3956D46DE8}") = "WebAppImportService", "WebAppImportService", "{F4A09609-695F-4F7A-8657-966033B9A5CB}"
EndProject
Project("{FAE04EC0-301F-11D3-BF4B-00C04F79EFBC}") = "WebAppImportService", "WebAppImportService\WebAppImportService.csproj", "{96F3E3D3-C6F9-4878-B263-D93E498EEF93}"
EndProject
Global
	GlobalSection(SolutionConfigurationPlatforms) = preSolution
		Debug|Any CPU = Debug|Any CPU
		Release|Any CPU = Release|Any CPU
	EndGlobalSection
	GlobalSection(ProjectConfigurationPlatforms) = postSolution
		{0AEA9828-B4BF-4152-A329-125828D832A3}.Debug|Any CPU.ActiveCfg = Debug|Any CPU
		{0AEA9828-B4BF-4152-A329-125828D832A3}.Debug|Any CPU.Build.0 = Debug|Any CPU
		{0AEA9828-B4BF-4152-A329-125828D832A3}.Release|Any CPU.ActiveCfg = Release|Any CPU
		{0AEA9828-B4BF-4152-A329-125828D832A3}.Release|Any CPU.Build.0 = Release|Any CPU
		{99BB12A6-4FFC-4BD8-AE5D-D0EE26D7585E}.Debug|Any CPU.ActiveCfg = Debug|Any CPU
		{99BB12A6-4FFC-4BD8-AE5D-D0EE26D7585E}.Debug|Any CPU.Build.0 = Debug|Any CPU
		{99BB12A6-4FFC-4BD8-AE5D-D0EE26D7585E}.Release|Any CPU.ActiveCfg = Release|Any CPU
		{99BB12A6-4FFC-4BD8-AE5D-D0EE26D7585E}.Release|Any CPU.Build.0 = Release|Any CPU
		{7CBDB6A6-B399-4883-B73A-611D2188EE95}.Debug|Any CPU.ActiveCfg = Debug|Any CPU
		{7CBDB6A6-B399-4883-B73A-611D2188EE95}.Debug|Any CPU.Build.0 = Debug|Any CPU
		{7CBDB6A6-B399-4883-B73A-611D2188EE95}.Release|Any CPU.ActiveCfg = Release|Any CPU
		{7CBDB6A6-B399-4883-B73A-611D2188EE95}.Release|Any CPU.Build.0 = Release|Any CPU
		{71812AD7-0559-4AC5-8C0D-4C2ABD462214}.Debug|Any CPU.ActiveCfg = Debug|Any CPU
		{71812AD7-0559-4AC5-8C0D-4C2ABD462214}.Debug|Any CPU.Build.0 = Debug|Any CPU
		{71812AD7-0559-4AC5-8C0D-4C2ABD462214}.Release|Any CPU.ActiveCfg = Release|Any CPU
		{71812AD7-0559-4AC5-8C0D-4C2ABD462214}.Release|Any CPU.Build.0 = Release|Any CPU
		{1313702F-7CFC-4C6E-9B1B-E4EBCC290A7C}.Debug|Any CPU.ActiveCfg = Debug|Any CPU
		{1313702F-7CFC-4C6E-9B1B-E4EBCC290A7C}.Debug|Any CPU.Build.0 = Debug|Any CPU
		{1313702F-7CFC-4C6E-9B1B-E4EBCC290A7C}.Release|Any CPU.ActiveCfg = Release|Any CPU
		{1313702F-7CFC-4C6E-9B1B-E4EBCC290A7C}.Release|Any CPU.Build.0 = Release|Any CPU
		{7A80527F-452B-C9F0-037C-FF80C9FE494E}.Debug|Any CPU.ActiveCfg = Debug|Any CPU
		{7A80527F-452B-C9F0-037C-FF80C9FE494E}.Debug|Any CPU.Build.0 = Debug|Any CPU
		{7A80527F-452B-C9F0-037C-FF80C9FE494E}.Release|Any CPU.ActiveCfg = Release|Any CPU
		{7A80527F-452B-C9F0-037C-FF80C9FE494E}.Release|Any CPU.Build.0 = Release|Any CPU
		{B908F7F1-20FF-DEB8-27C3-0E9EE2966907}.Debug|Any CPU.ActiveCfg = Debug|Any CPU
		{B908F7F1-20FF-DEB8-27C3-0E9EE2966907}.Debug|Any CPU.Build.0 = Debug|Any CPU
		{B908F7F1-20FF-DEB8-27C3-0E9EE2966907}.Release|Any CPU.ActiveCfg = Release|Any CPU
		{B908F7F1-20FF-DEB8-27C3-0E9EE2966907}.Release|Any CPU.Build.0 = Release|Any CPU
		{7309C9AA-6C5D-9511-9119-FC514A55F4B4}.Debug|Any CPU.ActiveCfg = Debug|Any CPU
		{7309C9AA-6C5D-9511-9119-FC514A55F4B4}.Debug|Any CPU.Build.0 = Debug|Any CPU
		{7309C9AA-6C5D-9511-9119-FC514A55F4B4}.Release|Any CPU.ActiveCfg = Release|Any CPU
		{7309C9AA-6C5D-9511-9119-FC514A55F4B4}.Release|Any CPU.Build.0 = Release|Any CPU
		{A61A26B4-8268-AB5B-D99F-A35A3C33932C}.Debug|Any CPU.ActiveCfg = Debug|Any CPU
		{A61A26B4-8268-AB5B-D99F-A35A3C33932C}.Debug|Any CPU.Build.0 = Debug|Any CPU
		{A61A26B4-8268-AB5B-D99F-A35A3C33932C}.Release|Any CPU.ActiveCfg = Release|Any CPU
		{A61A26B4-8268-AB5B-D99F-A35A3C33932C}.Release|Any CPU.Build.0 = Release|Any CPU
		{3DB05087-E4C6-F4F6-17D2-DF055771D514}.Debug|Any CPU.ActiveCfg = Debug|Any CPU
		{3DB05087-E4C6-F4F6-17D2-DF055771D514}.Debug|Any CPU.Build.0 = Debug|Any CPU
		{3DB05087-E4C6-F4F6-17D2-DF055771D514}.Release|Any CPU.ActiveCfg = Release|Any CPU
		{3DB05087-E4C6-F4F6-17D2-DF055771D514}.Release|Any CPU.Build.0 = Release|Any CPU
		{B2066095-526D-5768-5AFC-975D71BB8F5B}.Debug|Any CPU.ActiveCfg = Debug|Any CPU
		{B2066095-526D-5768-5AFC-975D71BB8F5B}.Debug|Any CPU.Build.0 = Debug|Any CPU
		{B2066095-526D-5768-5AFC-975D71BB8F5B}.Release|Any CPU.ActiveCfg = Release|Any CPU
		{B2066095-526D-5768-5AFC-975D71BB8F5B}.Release|Any CPU.Build.0 = Release|Any CPU
		{E77859B2-38D1-3D8F-6EF8-774FB27B81E2}.Debug|Any CPU.ActiveCfg = Debug|Any CPU
		{E77859B2-38D1-3D8F-6EF8-774FB27B81E2}.Debug|Any CPU.Build.0 = Debug|Any CPU
		{E77859B2-38D1-3D8F-6EF8-774FB27B81E2}.Release|Any CPU.ActiveCfg = Release|Any CPU
		{E77859B2-38D1-3D8F-6EF8-774FB27B81E2}.Release|Any CPU.Build.0 = Release|Any CPU
		{8D4C2BEF-1558-43AA-8C4F-46E4A71C6A99}.Debug|Any CPU.ActiveCfg = Debug|Any CPU
		{8D4C2BEF-1558-43AA-8C4F-46E4A71C6A99}.Debug|Any CPU.Build.0 = Debug|Any CPU
		{8D4C2BEF-1558-43AA-8C4F-46E4A71C6A99}.Release|Any CPU.ActiveCfg = Release|Any CPU
		{8D4C2BEF-1558-43AA-8C4F-46E4A71C6A99}.Release|Any CPU.Build.0 = Release|Any CPU
		{7C9913BD-B585-4147-BEF2-8818E5037C11}.Debug|Any CPU.ActiveCfg = Debug|Any CPU
		{7C9913BD-B585-4147-BEF2-8818E5037C11}.Debug|Any CPU.Build.0 = Debug|Any CPU
		{7C9913BD-B585-4147-BEF2-8818E5037C11}.Release|Any CPU.ActiveCfg = Release|Any CPU
		{7C9913BD-B585-4147-BEF2-8818E5037C11}.Release|Any CPU.Build.0 = Release|Any CPU
		{2368D5A0-7C52-4867-A379-C3876CCCC4A3}.Debug|Any CPU.ActiveCfg = Debug|Any CPU
		{2368D5A0-7C52-4867-A379-C3876CCCC4A3}.Debug|Any CPU.Build.0 = Debug|Any CPU
		{2368D5A0-7C52-4867-A379-C3876CCCC4A3}.Release|Any CPU.ActiveCfg = Release|Any CPU
		{2368D5A0-7C52-4867-A379-C3876CCCC4A3}.Release|Any CPU.Build.0 = Release|Any CPU
		{B3CDE406-70C0-49A7-83B9-1D8B3B25A0D6}.Debug|Any CPU.ActiveCfg = Debug|Any CPU
		{B3CDE406-70C0-49A7-83B9-1D8B3B25A0D6}.Debug|Any CPU.Build.0 = Debug|Any CPU
		{B3CDE406-70C0-49A7-83B9-1D8B3B25A0D6}.Release|Any CPU.ActiveCfg = Release|Any CPU
		{B3CDE406-70C0-49A7-83B9-1D8B3B25A0D6}.Release|Any CPU.Build.0 = Release|Any CPU
		{96F3E3D3-C6F9-4878-B263-D93E498EEF93}.Debug|Any CPU.ActiveCfg = Debug|Any CPU
		{96F3E3D3-C6F9-4878-B263-D93E498EEF93}.Debug|Any CPU.Build.0 = Debug|Any CPU
		{96F3E3D3-C6F9-4878-B263-D93E498EEF93}.Release|Any CPU.ActiveCfg = Release|Any CPU
		{96F3E3D3-C6F9-4878-B263-D93E498EEF93}.Release|Any CPU.Build.0 = Release|Any CPU
	EndGlobalSection
	GlobalSection(SolutionProperties) = preSolution
		HideSolutionNode = FALSE
	EndGlobalSection
	GlobalSection(NestedProjects) = preSolution
		{7A80527F-452B-C9F0-037C-FF80C9FE494E} = {380EF9C7-D23D-483F-9339-3DDE78F5D6B7}
		{B908F7F1-20FF-DEB8-27C3-0E9EE2966907} = {380EF9C7-D23D-483F-9339-3DDE78F5D6B7}
		{02EA681E-C7D8-13C7-8484-4AC65E1B71E8} = {380EF9C7-D23D-483F-9339-3DDE78F5D6B7}
		{7309C9AA-6C5D-9511-9119-FC514A55F4B4} = {380EF9C7-D23D-483F-9339-3DDE78F5D6B7}
		{A61A26B4-8268-AB5B-D99F-A35A3C33932C} = {380EF9C7-D23D-483F-9339-3DDE78F5D6B7}
		{3DB05087-E4C6-F4F6-17D2-DF055771D514} = {CEF1A631-7B00-4B0A-9F78-A33A90172B91}
		{B2066095-526D-5768-5AFC-975D71BB8F5B} = {CEF1A631-7B00-4B0A-9F78-A33A90172B91}
		{8D4C2BEF-1558-43AA-8C4F-46E4A71C6A99} = {CEF1A631-7B00-4B0A-9F78-A33A90172B91}
		{7C9913BD-B585-4147-BEF2-8818E5037C11} = {380EF9C7-D23D-483F-9339-3DDE78F5D6B7}
		{2368D5A0-7C52-4867-A379-C3876CCCC4A3} = {5BF06A00-7C90-40CC-B572-CE4EAF6A63BC}
		{B3CDE406-70C0-49A7-83B9-1D8B3B25A0D6} = {CEF1A631-7B00-4B0A-9F78-A33A90172B91}
		{96F3E3D3-C6F9-4878-B263-D93E498EEF93} = {F4A09609-695F-4F7A-8657-966033B9A5CB}
	EndGlobalSection
	GlobalSection(ExtensibilityGlobals) = postSolution
		SolutionGuid = {712B95D3-3015-4B71-9FB1-C3DFAFB4C19A}
	EndGlobalSection
EndGlobal
